
Microsoft Visual Studio Solution File, Format Version 12.00
# Visual Studio Version 16
VisualStudioVersion = 16.0.29709.97
MinimumVisualStudioVersion = 10.0.40219.1
Project("{9A19103F-16F7-4668-BE54-9A1E7A4F7556}") = "Watched", "Watched\Watched.csproj", "{E55B73E3-11EE-4CBD-A67C-EA3AB95A3D93}"
EndProject
Project("{9A19103F-16F7-4668-BE54-9A1E7A4F7556}") = "Watched_hkws", "Watched_hkws\Watched_hkws.csproj", "{35FB6CEC-B056-4379-8A16-18D9002FB8BD}"
EndProject
Global
	GlobalSection(SolutionConfigurationPlatforms) = preSolution
		Debug|Any CPU = Debug|Any CPU
		Release|Any CPU = Release|Any CPU
	EndGlobalSection
	GlobalSection(ProjectConfigurationPlatforms) = postSolution
		{E55B73E3-11EE-4CBD-A67C-EA3AB95A3D93}.Debug|Any CPU.ActiveCfg = Debug|Any CPU
		{E55B73E3-11EE-4CBD-A67C-EA3AB95A3D93}.Debug|Any CPU.Build.0 = Debug|Any CPU
		{E55B73E3-11EE-4CBD-A67C-EA3AB95A3D93}.Release|Any CPU.ActiveCfg = Release|Any CPU
		{E55B73E3-11EE-4CBD-A67C-EA3AB95A3D93}.Release|Any CPU.Build.0 = Release|Any CPU
		{35FB6CEC-B056-4379-8A16-18D9002FB8BD}.Debug|Any CPU.ActiveCfg = Debug|Any CPU
		{35FB6CEC-B056-4379-8A16-18D9002FB8BD}.Debug|Any CPU.Build.0 = Debug|Any CPU
		{35FB6CEC-B056-4379-8A16-18D9002FB8BD}.Release|Any CPU.ActiveCfg = Release|Any CPU
		{35FB6CEC-B056-4379-8A16-18D9002FB8BD}.Release|Any CPU.Build.0 = Release|Any CPU
	EndGlobalSection
	GlobalSection(SolutionProperties) = preSolution
		HideSolutionNode = FALSE
	EndGlobalSection
	GlobalSection(ExtensibilityGlobals) = postSolution
		SolutionGuid = {88C7BE11-98C8-4E18-8A62-E385DCF60751}
	EndGlobalSection
EndGlobal
